{
    "_meta": {
        "hash": {
            "sha256": "c2be0679eb4d9e34ebe2ccbadab8ce2ebab68fba0e175227d08fce4107cbc5c1"
        },
        "pipfile-spec": 6,
        "requires": {
            "python_version": "3.11"
        },
        "sources": [
            {
                "name": "pypi",
                "url": "https://pypi.org/simple",
                "verify_ssl": true
            }
        ]
    },
    "default": {
        "duckdb": {
            "hashes": [
                "sha256:00576c11c78c83830ab483bad968e07cd9b5f730e7ffaf5aa5fadee5ac4f71e9",
                "sha256:06e3a36f04f4d98d2c0bbdd63e517cfbe114a795306e26ec855e62e076af5043",
                "sha256:077db692cdda50c4684ef87dc2a68507665804caa90e539dbe819116bda722ad",
                "sha256:0bf58385c43b8e448a2fea7e8729054934bf73ea616d1d7ef8184eda07f975e2",
                "sha256:0f609c9d5f941f1ecde810f010dd9321cd406a552c1df20318a13fa64247f67f",
                "sha256:186d86b8dda8e1076170eb770bb2bb73ea88ca907d92885c9695d6515207b205",
                "sha256:20ee0aa27e688aa52a40b434ec41a50431d0b06edeab88edc2feaca18d82c62c",
                "sha256:2c68c6dde2773774cf2371522a3959ea2716fc2b3a4891d4066f0e426455fe19",
                "sha256:3102bcf5011e8f82ea3c2bde43108774fe5a283a410d292c0843610ea13e2237",
                "sha256:33308190e9c7f05a3a0a2d46008a043effd4eae77011869d7c18fb37acdd9215",
                "sha256:364cd6f5dc8a1010d144d08c410ba9a74c521336ee5bda84fabc6616216a6d6a",
                "sha256:38607e6e6618e8ea28c8d9b67aa9e22cfd6d6d673f2e8ab328bd6e867b697f69",
                "sha256:3891d3ac03e12a3e5c43afa3020fe701f64060f52d25f429a1ed7b5d914368d3",
                "sha256:3a8b2f1229b4aecb79cd28ffdb99032b1497f0a805d0da1136a9b6115e1afc70",
                "sha256:3ff62bc98278c98fecbd6eecec5d698ad41ebd654110feaadbf8ac8bb59b1ecf",
                "sha256:41e8b34b1a944590ebcf82f8cc59d67b084fe99479f048892d60da6c1402c386",
                "sha256:4800469489bc262dda61a7f1d40acedf67cf2454874e9d8bbf07920dc2b147e6",
                "sha256:4a5d5655cf0bdaf664a6f332afe465e02b08cef715548a0983bb7aef48da06a6",
                "sha256:4c57c11d1060296f5e9ebfb5bb7e5521e0d77912e8f9ff43c90240c3311e9de9",
                "sha256:4f63877651f1fb940e049dc53038eb763856616319acf4f892b1c3ed074f5ab0",
                "sha256:5f65b62f31c6bff21afc0261cfe28d238b8f34ec78f339546b12f4740c39552a",
                "sha256:62e89deff778a7a86f651802b947a3466425f6cce41e9d7d412d39e492932943",
                "sha256:6934758cacd06029a5c9f54556a43bd277a86757e22bf8d0dd11ca15c1813d1c",
                "sha256:6a72cc40982c7b92cf555e574618fc711033b013bf258b611ba18d7654c89d8c",
                "sha256:728dd4ff0efda387a424754e5508d4f8c72a272c2d3ccb036a83286f60b46002",
                "sha256:7a11e2d68bd79044eea5486b1cddb5b915115f537e5c74eeb94c768ce30f9f4b",
                "sha256:80a6d43d9044f0997a15a92e0c0ff3afd21151a1e572a92f439cc4f56b7090e1",
                "sha256:82fab1a24faf7c33d8a7afed08b57ee36e8821a3a68a2f1574cd238ea440bba0",
                "sha256:909351ff72eb3b50b89761251148d8a186594d8a438e12dcf5494794caff6693",
                "sha256:a860d7466a5c93714cdd94559ce9e1db2ab91914f0941c25e5e93d4ebe36a5fa",
                "sha256:a9d15842876d18763e085648656cccc7660a215d16254906db5c4471be2c7732",
                "sha256:acdfff60b7efccd7f731213a9795851256249dfacf80367074b2b2e144f716dd",
                "sha256:c461d6b4619e80170044a9eb999bbf4097e330d3a4974ced0a7eaeb79c7c39f6",
                "sha256:c88cdcdc8452c910e4298223e7d9fca291534ff5aa36090aa49c9e6557550b13",
                "sha256:ca25984ad9f9a04e46e8359f852668c11569534e3bb8424b80be711303ad2314",
                "sha256:cb31398826d1b7473344e5ee8e0f826370c9752549469ba1327042ace9041f80",
                "sha256:cceede13fde095c23cf9a53adf7c414c7bfb21b9a7aa6a4836014fdbecbfca70",
                "sha256:cf5f95ad5b75c8e65c6508b4df02043dd0b9d97712b9a33236ad77c388ce7861",
                "sha256:d09dcec467cd6127d5cc1fb0ce4efbd77e761882d9d772b0f64fc2f79a2a1cde",
                "sha256:d23a6dea61963733a0f45a0d0bbb1361fb2a47410ed5ff308b4a1f869d4eeb6f",
                "sha256:d27b9efd6e788eb561535fdc0cbc7c74aca1ff39f748b7cfc27aa49b00e22da1",
                "sha256:d64d443613e5f16caf7d67102733538c90f7715867c1a98597efd3babca068e3",
                "sha256:d9eeb8393d69abafd355b869669957eb85b89e4df677e420b9ef0693b7aa6cb4",
                "sha256:eae75c7014597ded6e7f6dc51e32d48362a31608acd73e9f795748ee94335a54",
                "sha256:f87e555fd36ec6da316b727a39fb24c53124a797dfa9b451bdea87b2f20a351f",
                "sha256:fb0c23bc8c09615bff38aebcf8e92e6ae74959c67b3c9e5b00edddc730bf22be",
                "sha256:ff6a8a0980d0f9398fa461deffa59465dac190d707468478011ea8a5fe1f2c81"
            ],
            "index": "pypi",
            "markers": "python_full_version >= '3.7.0'",
            "version": "==0.10.2"
        },
        "english-words": {
            "hashes": [
                "sha256:a4105c57493bb757a3d8973fcf8e1dc05e7ca09c836dff467c3fb445f84bc43d"
            ],
            "index": "pypi",
            "version": "==2.0.1"
        },
        "numpy": {
            "hashes": [
                "sha256:03a8c78d01d9781b28a6989f6fa1bb2c4f2d51201cf99d3dd875df6fbd96b23b",
                "sha256:08beddf13648eb95f8d867350f6a018a4be2e5ad54c8d8caed89ebca558b2818",
                "sha256:1af303d6b2210eb850fcf03064d364652b7120803a0b872f5211f5234b399f20",
                "sha256:1dda2e7b4ec9dd512f84935c5f126c8bd8b9f2fc001e9f54af255e8c5f16b0e0",
                "sha256:2a02aba9ed12e4ac4eb3ea9421c420301a0c6460d9830d74a9df87efa4912010",
                "sha256:2e4ee3380d6de9c9ec04745830fd9e2eccb3e6cf790d39d7b98ffd19b0dd754a",
                "sha256:3373d5d70a5fe74a2c1bb6d2cfd9609ecf686d47a2d7b1d37a8f3b6bf6003aea",
                "sha256:47711010ad8555514b434df65f7d7b076bb8261df1ca9bb78f53d3b2db02e95c",
                "sha256:4c66707fabe114439db9068ee468c26bbdf909cac0fb58686a42a24de1760c71",
                "sha256:50193e430acfc1346175fcbdaa28ffec49947a06918b7b92130744e81e640110",
                "sha256:52b8b60467cd7dd1e9ed082188b4e6bb35aa5cdd01777621a1658910745b90be",
                "sha256:60dedbb91afcbfdc9bc0b1f3f402804070deed7392c23eb7a7f07fa857868e8a",
                "sha256:62b8e4b1e28009ef2846b4c7852046736bab361f7aeadeb6a5b89ebec3c7055a",
                "sha256:666dbfb6ec68962c033a450943ded891bed2d54e6755e35e5835d63f4f6931d5",
                "sha256:675d61ffbfa78604709862923189bad94014bef562cc35cf61d3a07bba02a7ed",
                "sha256:679b0076f67ecc0138fd2ede3a8fd196dddc2ad3254069bcb9faf9a79b1cebcd",
                "sha256:7349ab0fa0c429c82442a27a9673fc802ffdb7c7775fad780226cb234965e53c",
                "sha256:7ab55401287bfec946ced39700c053796e7cc0e3acbef09993a9ad2adba6ca6e",
                "sha256:7e50d0a0cc3189f9cb0aeb3a6a6af18c16f59f004b866cd2be1c14b36134a4a0",
                "sha256:95a7476c59002f2f6c590b9b7b998306fba6a5aa646b1e22ddfeaf8f78c3a29c",
                "sha256:96ff0b2ad353d8f990b63294c8986f1ec3cb19d749234014f4e7eb0112ceba5a",
                "sha256:9fad7dcb1aac3c7f0584a5a8133e3a43eeb2fe127f47e3632d43d677c66c102b",
                "sha256:9ff0f4f29c51e2803569d7a51c2304de5554655a60c5d776e35b4a41413830d0",
                "sha256:a354325ee03388678242a4d7ebcd08b5c727033fcff3b2f536aea978e15ee9e6",
                "sha256:a4abb4f9001ad2858e7ac189089c42178fcce737e4169dc61321660f1a96c7d2",
                "sha256:ab47dbe5cc8210f55aa58e4805fe224dac469cde56b9f731a4c098b91917159a",
                "sha256:afedb719a9dcfc7eaf2287b839d8198e06dcd4cb5d276a3df279231138e83d30",
                "sha256:b3ce300f3644fb06443ee2222c2201dd3a89ea6040541412b8fa189341847218",
                "sha256:b97fe8060236edf3662adfc2c633f56a08ae30560c56310562cb4f95500022d5",
                "sha256:bfe25acf8b437eb2a8b2d49d443800a5f18508cd811fea3181723922a8a82b07",
                "sha256:cd25bcecc4974d09257ffcd1f098ee778f7834c3ad767fe5db785be9a4aa9cb2",
                "sha256:d209d8969599b27ad20994c8e41936ee0964e6da07478d6c35016bc386b66ad4",
                "sha256:d5241e0a80d808d70546c697135da2c613f30e28251ff8307eb72ba696945764",
                "sha256:edd8b5fe47dab091176d21bb6de568acdd906d1887a4584a15a9a96a1dca06ef",
                "sha256:f870204a840a60da0b12273ef34f7051e98c3b5961b61b0c2c1be6dfd64fbcd3",
                "sha256:ffa75af20b44f8dba823498024771d5ac50620e6915abac414251bd971b4529f"
            ],
            "markers": "python_version >= '3.9'",
            "version": "==1.26.4"
        },
        "pyarrow": {
            "hashes": [
                "sha256:00a1dcb22ad4ceb8af87f7bd30cc3354788776c417f493089e0a0af981bc8d80",
                "sha256:1ab8b9050752b16a8b53fcd9853bf07d8daf19093533e990085168f40c64d978",
                "sha256:20ce707d9aa390593ea93218b19d0eadab56390311cb87aad32c9a869b0e958c",
                "sha256:22a1fdb1254e5095d629e29cd1ea98ed04b4bbfd8e42cc670a6b639ccc208b60",
                "sha256:266ddb7e823f03733c15adc8b5078db2df6980f9aa93d6bb57ece615df4e0ba7",
                "sha256:2a7abdee4a4a7cfa239e2e8d721224c4b34ffe69a0ca7981354fe03c1328789b",
                "sha256:35692ce8ad0b8c666aa60f83950957096d92f2a9d8d7deda93fb835e6053307e",
                "sha256:3c2f5e239db7ed43e0ad2baf46a6465f89c824cc703f38ef0fde927d8e0955f7",
                "sha256:42e56557bc7c5c10d3e42c3b32f6cff649a29d637e8f4e8b311d334cc4326730",
                "sha256:5448564754c154997bc09e95a44b81b9e31ae918a86c0fcb35c4aa4922756f55",
                "sha256:56850a0afe9ef37249d5387355449c0f94d12ff7994af88f16803a26d38f2016",
                "sha256:574a00260a4ed9d118a14770edbd440b848fcae5a3024128be9d0274dbcaf858",
                "sha256:5823275c8addbbb50cd4e6a6839952682a33255b447277e37a6f518d6972f4e1",
                "sha256:59bb1f1edbbf4114c72415f039f1359f1a57d166a331c3229788ccbfbb31689a",
                "sha256:5cc23090224b6594f5a92d26ad47465af47c1d9c079dd4a0061ae39551889efe",
                "sha256:705db70d3e2293c2f6f8e84874b5b775f690465798f66e94bb2c07bab0a6bb55",
                "sha256:71d52561cd7aefd22cf52538f262850b0cc9e4ec50af2aaa601da3a16ef48877",
                "sha256:729f7b262aa620c9df8b9967db96c1575e4cfc8c25d078a06968e527b8d6ec05",
                "sha256:91d28f9a40f1264eab2af7905a4d95320ac2f287891e9c8b0035f264fe3c3a4b",
                "sha256:99af421ee451a78884d7faea23816c429e263bd3618b22d38e7992c9ce2a7ad9",
                "sha256:9dd3151d098e56f16a8389c1247137f9e4c22720b01c6f3aa6dec29a99b74d80",
                "sha256:b93c9a50b965ee0bf4fef65e53b758a7e8dcc0c2d86cebcc037aaaf1b306ecc0",
                "sha256:bd40467bdb3cbaf2044ed7a6f7f251c8f941c8b31275aaaf88e746c4f3ca4a7a",
                "sha256:c0815d0ddb733b8c1b53a05827a91f1b8bde6240f3b20bf9ba5d650eb9b89cdf",
                "sha256:cc8814310486f2a73c661ba8354540f17eef51e1b6dd090b93e3419d3a097b3a",
                "sha256:d22d0941e6c7bafddf5f4c0662e46f2075850f1c044bf1a03150dd9e189427ce",
                "sha256:d831690844706e374c455fba2fb8cfcb7b797bfe53ceda4b54334316e1ac4fa4",
                "sha256:d91073d1e2fef2c121154680e2ba7e35ecf8d4969cc0af1fa6f14a8675858159",
                "sha256:dd9334a07b6dc21afe0857aa31842365a62eca664e415a3f9536e3a8bb832c07",
                "sha256:df0080339387b5d30de31e0a149c0c11a827a10c82f0c67d9afae3981d1aabb7",
                "sha256:ed66e5217b4526fa3585b5e39b0b82f501b88a10d36bd0d2a4d8aa7b5a48e2df",
                "sha256:edf38cce0bf0dcf726e074159c60516447e4474904c0033f018c1f33d7dac6c5",
                "sha256:ef2f309b68396bcc5a354106741d333494d6a0d3e1951271849787109f0229a6",
                "sha256:f293e92d1db251447cb028ae12f7bc47526e4649c3a9924c8376cab4ad6b98bd",
                "sha256:fb8065dbc0d051bf2ae2453af0484d99a43135cadabacf0af588a3be81fbbb9b",
                "sha256:fda9a7cebd1b1d46c97b511f60f73a5b766a6de4c5236f144f41a5d5afec1f35"
            ],
            "index": "pypi",
            "markers": "python_version >= '3.8'",
            "version": "==16.0.0"
        }
    },
    "develop": {}
}
